
Microsoft Visual Studio Solution File, Format Version 12.00
# Visual Studio Version 16
VisualStudioVersion = 16.0.31624.102
MinimumVisualStudioVersion = 10.0.40219.1
Project("{FAE04EC0-301F-11D3-BF4B-00C04F79EFBC}") = "Homework", "Homework\Homework.csproj", "{F4DE78AD-634B-47C4-8C73-7600EC5B82EE}"
EndProject
Global
	GlobalSection(SolutionConfigurationPlatforms) = preSolution
		Debug|Any CPU = Debug|Any CPU
		Release|Any CPU = Release|Any CPU
	EndGlobalSection
	GlobalSection(ProjectConfigurationPlatforms) = postSolution
		{F4DE78AD-634B-47C4-8C73-7600EC5B82EE}.Debug|Any CPU.ActiveCfg = Debug|Any CPU
		{F4DE78AD-634B-47C4-8C73-7600EC5B82EE}.Debug|Any CPU.Build.0 = Debug|Any CPU
		{F4DE78AD-634B-47C4-8C73-7600EC5B82EE}.Release|Any CPU.ActiveCfg = Release|Any CPU
		{F4DE78AD-634B-47C4-8C73-7600EC5B82EE}.Release|Any CPU.Build.0 = Release|Any CPU
	EndGlobalSection
	GlobalSection(SolutionProperties) = preSolution
		HideSolutionNode = FALSE
	EndGlobalSection
	GlobalSection(ExtensibilityGlobals) = postSolution
		SolutionGuid = {7A47AA7F-064D-4349-8299-491563D2E0B5}
	EndGlobalSection
EndGlobal
